PODS:
  - BlocksKit (2.2.5):
    - BlocksKit/All (= 2.2.5)
  - BlocksKit/All (2.2.5):
    - BlocksKit/Core
    - BlocksKit/DynamicDelegate
    - BlocksKit/MessageUI
    - BlocksKit/UIKit
  - BlocksKit/Core (2.2.5)
  - BlocksKit/DynamicDelegate (2.2.5)
  - BlocksKit/MessageUI (2.2.5):
    - BlocksKit/Core
    - BlocksKit/DynamicDelegate
  - BlocksKit/UIKit (2.2.5):
    - BlocksKit/Core
    - BlocksKit/DynamicDelegate
  - Expecta (0.3.2)
  - KMCollectionView (0.1.0):
    - BlocksKit (~> 2.2)
    - PureLayout (~> 2.0)
  - PureLayout (2.0.5)
  - Specta (0.3.2)

DEPENDENCIES:
  - Expecta
  - KMCollectionView (from `../`)
  - Specta

EXTERNAL SOURCES:
  KMCollectionView:
    :path: ../

SPEC CHECKSUMS:
  BlocksKit: 7f422b971407001178d181a43b99014ea2591fe6
  Expecta: 8c507baf13211207b1e9d0a741480600e6b4ed15
  KMCollectionView: 0771d77316b4b2a5d388336a24bb5d56f9a9f44d
  PureLayout: a0fe75f1cf485801e7e00b723b8a3c32dca558e2
  Specta: e5ad38f1b2227a23bc63d0b5a3b41c5e628f2851

COCOAPODS: 0.36.3
